
Microsoft Visual Studio Solution File, Format Version 12.00
# Visual Studio Version 16
VisualStudioVersion = 16.0.30711.63
MinimumVisualStudioVersion = 10.0.40219.1
Project("{9A19103F-16F7-4668-BE54-9A1E7A4F7556}") = "WPF_Snake", "WPF_Snake\WPF_Snake.csproj", "{A82E903A-EFEB-47DF-8C4C-F1726163F046}"
EndProject
Project("{9A19103F-16F7-4668-BE54-9A1E7A4F7556}") = "SnakeTest", "SnakeTest\SnakeTest.csproj", "{6C80ABA8-A926-4787-87D2-BB6F630B0020}"
EndProject
Global
	GlobalSection(SolutionConfigurationPlatforms) = preSolution
		Debug|Any CPU = Debug|Any CPU
		Release|Any CPU = Release|Any CPU
	EndGlobalSection
	GlobalSection(ProjectConfigurationPlatforms) = postSolution
		{A82E903A-EFEB-47DF-8C4C-F1726163F046}.Debug|Any CPU.ActiveCfg = Debug|Any CPU
		{A82E903A-EFEB-47DF-8C4C-F1726163F046}.Debug|Any CPU.Build.0 = Debug|Any CPU
		{A82E903A-EFEB-47DF-8C4C-F1726163F046}.Release|Any CPU.ActiveCfg = Release|Any CPU
		{A82E903A-EFEB-47DF-8C4C-F1726163F046}.Release|Any CPU.Build.0 = Release|Any CPU
		{6C80ABA8-A926-4787-87D2-BB6F630B0020}.Debug|Any CPU.ActiveCfg = Debug|Any CPU
		{6C80ABA8-A926-4787-87D2-BB6F630B0020}.Debug|Any CPU.Build.0 = Debug|Any CPU
		{6C80ABA8-A926-4787-87D2-BB6F630B0020}.Release|Any CPU.ActiveCfg = Release|Any CPU
		{6C80ABA8-A926-4787-87D2-BB6F630B0020}.Release|Any CPU.Build.0 = Release|Any CPU
	EndGlobalSection
	GlobalSection(SolutionProperties) = preSolution
		HideSolutionNode = FALSE
	EndGlobalSection
	GlobalSection(ExtensibilityGlobals) = postSolution
		SolutionGuid = {564A3239-6BDA-463E-BDE1-DCAC334487D4}
	EndGlobalSection
EndGlobal
